
Microsoft Visual Studio Solution File, Format Version 12.00
# Visual Studio Version 17
VisualStudioVersion = 17.8.34322.80
MinimumVisualStudioVersion = 10.0.40219.1
Project("{FAE04EC0-301F-11D3-BF4B-00C04F79EFBC}") = "Password Generator", "Password Generator\Password Generator.csproj", "{CA8E0170-3441-4E55-9893-46788F5F5538}"
EndProject
Global
	GlobalSection(SolutionConfigurationPlatforms) = preSolution
		Debug|Any CPU = Debug|Any CPU
		Release|Any CPU = Release|Any CPU
	EndGlobalSection
	GlobalSection(ProjectConfigurationPlatforms) = postSolution
		{CA8E0170-3441-4E55-9893-46788F5F5538}.Debug|Any CPU.ActiveCfg = Debug|Any CPU
		{CA8E0170-3441-4E55-9893-46788F5F5538}.Debug|Any CPU.Build.0 = Debug|Any CPU
		{CA8E0170-3441-4E55-9893-46788F5F5538}.Release|Any CPU.ActiveCfg = Release|Any CPU
		{CA8E0170-3441-4E55-9893-46788F5F5538}.Release|Any CPU.Build.0 = Release|Any CPU
	EndGlobalSection
	GlobalSection(SolutionProperties) = preSolution
		HideSolutionNode = FALSE
	EndGlobalSection
	GlobalSection(ExtensibilityGlobals) = postSolution
		SolutionGuid = {05FBB86A-420C-4B66-9A2B-42BB293D864B}
	EndGlobalSection
EndGlobal
